
Microsoft Visual Studio Solution File, Format Version 12.00
# Visual Studio Version 16
VisualStudioVersion = 16.0.31105.61
MinimumVisualStudioVersion = 10.0.40219.1
Project("{FAE04EC0-301F-11D3-BF4B-00C04F79EFBC}") = "WebApplication1", "WebApplication1\WebApplication1.csproj", "{BCA63409-CFB1-4CF6-AD3B-B1F7F3D16AE2}"
EndProject
Global
	GlobalSection(SolutionConfigurationPlatforms) = preSolution
		Debug|Any CPU = Debug|Any CPU
		Release|Any CPU = Release|Any CPU
	EndGlobalSection
	GlobalSection(ProjectConfigurationPlatforms) = postSolution
		{BCA63409-CFB1-4CF6-AD3B-B1F7F3D16AE2}.Debug|Any CPU.ActiveCfg = Debug|Any CPU
		{BCA63409-CFB1-4CF6-AD3B-B1F7F3D16AE2}.Debug|Any CPU.Build.0 = Debug|Any CPU
		{BCA63409-CFB1-4CF6-AD3B-B1F7F3D16AE2}.Release|Any CPU.ActiveCfg = Release|Any CPU
		{BCA63409-CFB1-4CF6-AD3B-B1F7F3D16AE2}.Release|Any CPU.Build.0 = Release|Any CPU
	EndGlobalSection
	GlobalSection(SolutionProperties) = preSolution
		HideSolutionNode = FALSE
	EndGlobalSection
	GlobalSection(ExtensibilityGlobals) = postSolution
		SolutionGuid = {CABB138F-C253-4A58-9AE2-C9E100FB1652}
	EndGlobalSection
EndGlobal
